
Microsoft Visual Studio Solution File, Format Version 12.00
# Visual Studio Version 17
VisualStudioVersion = 17.3.32804.467
MinimumVisualStudioVersion = 10.0.40219.1
Project("{8BC9CEB8-8B4A-11D0-8D11-00A0C91BC942}") = "game_15_1", "game_15_1.vcxproj", "{BE308D64-B040-4D2C-9E0E-247B4C75D785}"
EndProject
Global
	GlobalSection(SolutionConfigurationPlatforms) = preSolution
		Debug|x64 = Debug|x64
		Debug|x86 = Debug|x86
		Release|x64 = Release|x64
		Release|x86 = Release|x86
	EndGlobalSection
	GlobalSection(ProjectConfigurationPlatforms) = postSolution
		{BE308D64-B040-4D2C-9E0E-247B4C75D785}.Debug|x64.ActiveCfg = Debug|x64
		{BE308D64-B040-4D2C-9E0E-247B4C75D785}.Debug|x64.Build.0 = Debug|x64
		{BE308D64-B040-4D2C-9E0E-247B4C75D785}.Debug|x86.ActiveCfg = Debug|Win32
		{BE308D64-B040-4D2C-9E0E-247B4C75D785}.Debug|x86.Build.0 = Debug|Win32
		{BE308D64-B040-4D2C-9E0E-247B4C75D785}.Release|x64.ActiveCfg = Release|x64
		{BE308D64-B040-4D2C-9E0E-247B4C75D785}.Release|x64.Build.0 = Release|x64
		{BE308D64-B040-4D2C-9E0E-247B4C75D785}.Release|x86.ActiveCfg = Release|Win32
		{BE308D64-B040-4D2C-9E0E-247B4C75D785}.Release|x86.Build.0 = Release|Win32
	EndGlobalSection
	GlobalSection(SolutionProperties) = preSolution
		HideSolutionNode = FALSE
	EndGlobalSection
	GlobalSection(ExtensibilityGlobals) = postSolution
		SolutionGuid = {D7237FB2-080D-4E7E-AD51-DA05D3675CEE}
	EndGlobalSection
EndGlobal
